Microsoft Visual Studio Solution File, Format Version 12.00
# Visual Studio 2012
Project("{FAE04EC0-301F-11D3-BF4B-00C04F79EFBC}") = "PvPBulletHell", "PvPBulletHell.csproj", "{CF0ADCCD-D589-4838-AFA7-51286F2326AF}"
EndProject
Global
	GlobalSection(SolutionConfigurationPlatforms) = preSolution
	Debug|Any CPU = Debug|Any CPU
	ExportDebug|Any CPU = ExportDebug|Any CPU
	ExportRelease|Any CPU = ExportRelease|Any CPU
	EndGlobalSection
	GlobalSection(ProjectConfigurationPlatforms) = postSolution
		{CF0ADCCD-D589-4838-AFA7-51286F2326AF}.Debug|Any CPU.ActiveCfg = Debug|Any CPU
		{CF0ADCCD-D589-4838-AFA7-51286F2326AF}.Debug|Any CPU.Build.0 = Debug|Any CPU
		{CF0ADCCD-D589-4838-AFA7-51286F2326AF}.ExportDebug|Any CPU.ActiveCfg = ExportDebug|Any CPU
		{CF0ADCCD-D589-4838-AFA7-51286F2326AF}.ExportDebug|Any CPU.Build.0 = ExportDebug|Any CPU
		{CF0ADCCD-D589-4838-AFA7-51286F2326AF}.ExportRelease|Any CPU.ActiveCfg = ExportRelease|Any CPU
		{CF0ADCCD-D589-4838-AFA7-51286F2326AF}.ExportRelease|Any CPU.Build.0 = ExportRelease|Any CPU
	EndGlobalSection
EndGlobal
